
Microsoft Visual Studio Solution File, Format Version 12.00
# Visual Studio Version 16
VisualStudioVersion = 16.0.31613.86
MinimumVisualStudioVersion = 10.0.40219.1
Project("{FAE04EC0-301F-11D3-BF4B-00C04F79EFBC}") = "Lab.Jwt.API", "Lab.Jwt.API\Lab.Jwt.API.csproj", "{2B566667-4715-4309-A697-DBA51458A130}"
EndProject
Global
	GlobalSection(SolutionConfigurationPlatforms) = preSolution
		Debug|Any CPU = Debug|Any CPU
		Release|Any CPU = Release|Any CPU
	EndGlobalSection
	GlobalSection(ProjectConfigurationPlatforms) = postSolution
		{2B566667-4715-4309-A697-DBA51458A130}.Debug|Any CPU.ActiveCfg = Debug|Any CPU
		{2B566667-4715-4309-A697-DBA51458A130}.Debug|Any CPU.Build.0 = Debug|Any CPU
		{2B566667-4715-4309-A697-DBA51458A130}.Release|Any CPU.ActiveCfg = Release|Any CPU
		{2B566667-4715-4309-A697-DBA51458A130}.Release|Any CPU.Build.0 = Release|Any CPU
	EndGlobalSection
	GlobalSection(SolutionProperties) = preSolution
		HideSolutionNode = FALSE
	EndGlobalSection
	GlobalSection(ExtensibilityGlobals) = postSolution
		SolutionGuid = {29F25135-E44C-4178-AD86-3C69717056DD}
	EndGlobalSection
EndGlobal
